
Microsoft Visual Studio Solution File, Format Version 12.00
# Visual Studio 15
VisualStudioVersion = 15.0.27701.1
MinimumVisualStudioVersion = 10.0.40219.1
Project("{FAE04EC0-301F-11D3-BF4B-00C04F79EFBC}") = "JiPP_AR", "JiPP_AR\JiPP_AR.csproj", "{CDA24E88-9229-4B8F-8DE3-D69B90012850}"
EndProject
Global
	GlobalSection(SolutionConfigurationPlatforms) = preSolution
		Debug|Any CPU = Debug|Any CPU
		Release|Any CPU = Release|Any CPU
	EndGlobalSection
	GlobalSection(ProjectConfigurationPlatforms) = postSolution
		{CDA24E88-9229-4B8F-8DE3-D69B90012850}.Debug|Any CPU.ActiveCfg = Debug|Any CPU
		{CDA24E88-9229-4B8F-8DE3-D69B90012850}.Debug|Any CPU.Build.0 = Debug|Any CPU
		{CDA24E88-9229-4B8F-8DE3-D69B90012850}.Release|Any CPU.ActiveCfg = Release|Any CPU
		{CDA24E88-9229-4B8F-8DE3-D69B90012850}.Release|Any CPU.Build.0 = Release|Any CPU
	EndGlobalSection
	GlobalSection(SolutionProperties) = preSolution
		HideSolutionNode = FALSE
	EndGlobalSection
	GlobalSection(ExtensibilityGlobals) = postSolution
		SolutionGuid = {9A7D0EBA-7309-43E5-AA92-2823233D5F2C}
	EndGlobalSection
EndGlobal
